# THIS IS AN AUTOGENERATED FILE. DO NOT EDIT THIS FILE DIRECTLY.
# yarn lockfile v1


classnames@^2.3.1:
  version "2.3.1"
  resolved "https://registry.yarnpkg.com/classnames/-/classnames-2.3.1.tgz#dfcfa3891e306ec1dad105d0e88f4417b8535e8e"
  integrity sha512-OlQdbZ7gLfGarSqxesMesDa5uz7KFbID8Kpq/SxIoNGDqY8lSYs0D+hhtBXhcdB3rcbXArFr7vlHheLk1voeNA==

moment@^2.29.1:
  version "2.29.1"
  resolved "https://registry.yarnpkg.com/moment/-/moment-2.29.1.tgz#b2be769fa31940be9eeea6469c075e35006fa3d3"
  integrity sha512-kHmoybcPV8Sqy59DwNDY3Jefr64lK/by/da0ViFcuA4DH0vQg5Q6Ze5VimxkfQNSC+Mls/Kx53s7TjP1RhFEDQ==

react-hook-form@^7.22.2:
  version "7.22.2"
  resolved "https://registry.yarnpkg.com/react-hook-form/-/react-hook-form-7.22.2.tgz#aa66fd75cad858049739770341079d9787683c6b"
  integrity sha512-gdz5dhdOPfd04uj00a+Fw8JHA4m6evn3RQeVEQSZCOrmRC+LqaTwsR97cQfj5vu3yCXhSETrUtiDoXJojW/KGg==
