# THIS IS AN AUTOGENERATED FILE. DO NOT EDIT THIS FILE DIRECTLY.
# yarn lockfile v1


react-hook-form@^7.22.2:
  version "7.22.2"
  resolved "https://registry.yarnpkg.com/react-hook-form/-/react-hook-form-7.22.2.tgz#aa66fd75cad858049739770341079d9787683c6b"
  integrity sha512-gdz5dhdOPfd04uj00a+Fw8JHA4m6evn3RQeVEQSZCOrmRC+LqaTwsR97cQfj5vu3yCXhSETrUtiDoXJojW/KGg==
